{
  "name": "shri-task2",
  "version": "1.0.0",
  "lockfileVersion": 1,
  "requires": true,
  "dependencies": {
    "code-error-fragment": {
      "version": "0.0.230",
      "resolved": "https://registry.npmjs.org/code-error-fragment/-/code-error-fragment-0.0.230.tgz",
      "integrity": "sha512-cadkfKp6932H8UkhzE/gcUqhRMNf8jHzkAN7+5Myabswaghu4xABTgPHDCjW+dBAJxj/SpkTYokpzDqY4pCzQw=="
    },
    "grapheme-splitter": {
      "version": "1.0.4",
      "resolved": "https://registry.npmjs.org/grapheme-splitter/-/grapheme-splitter-1.0.4.tgz",
      "integrity": "sha512-bzh50DW9kTPM00T8y4o8vQg89Di9oLJVLW/KaOGIXJWP/iqCN6WKYkbNOF04vFLJhwcpYUh9ydh/+5vpOqV4YQ=="
    },
    "json-to-ast": {
      "version": "2.1.0",
      "resolved": "https://registry.npmjs.org/json-to-ast/-/json-to-ast-2.1.0.tgz",
      "integrity": "sha512-W9Lq347r8tA1DfMvAGn9QNcgYm4Wm7Yc+k8e6vezpMnRT+NHbtlxgNBXRVjXe9YM6eTn6+p/MKOlV/aABJcSnQ==",
      "requires": {
        "code-error-fragment": "0.0.230",
        "grapheme-splitter": "^1.0.4"
      }
    }
  }
}
